
Microsoft Visual Studio Solution File, Format Version 12.00
# Visual Studio Version 16
VisualStudioVersion = 16.0.30128.74
MinimumVisualStudioVersion = 10.0.40219.1
Project("{FAE04EC0-301F-11D3-BF4B-00C04F79EFBC}") = "WorkerService", "WorkerService\WorkerService.csproj", "{302AB792-5DEC-4704-AEFB-A90E15F8C5F5}"
EndProject
Global
	GlobalSection(SolutionConfigurationPlatforms) = preSolution
		Debug|Any CPU = Debug|Any CPU
		Release|Any CPU = Release|Any CPU
	EndGlobalSection
	GlobalSection(ProjectConfigurationPlatforms) = postSolution
		{302AB792-5DEC-4704-AEFB-A90E15F8C5F5}.Debug|Any CPU.ActiveCfg = Debug|Any CPU
		{302AB792-5DEC-4704-AEFB-A90E15F8C5F5}.Debug|Any CPU.Build.0 = Debug|Any CPU
		{302AB792-5DEC-4704-AEFB-A90E15F8C5F5}.Release|Any CPU.ActiveCfg = Release|Any CPU
		{302AB792-5DEC-4704-AEFB-A90E15F8C5F5}.Release|Any CPU.Build.0 = Release|Any CPU
	EndGlobalSection
	GlobalSection(SolutionProperties) = preSolution
		HideSolutionNode = FALSE
	EndGlobalSection
	GlobalSection(ExtensibilityGlobals) = postSolution
		SolutionGuid = {F3E31EF1-5321-4932-BE4A-A763B6460406}
	EndGlobalSection
EndGlobal
